
Microsoft Visual Studio Solution File, Format Version 12.00
# Visual Studio Version 17
VisualStudioVersion = 17.0.32126.317
MinimumVisualStudioVersion = 10.0.40219.1
Project("{9A19103F-16F7-4668-BE54-9A1E7A4F7556}") = "Gateway", "Gateway\Gateway.csproj", "{F969D8F3-EA59-4309-97F5-B5E6C60CC6F2}"
EndProject
Project("{9A19103F-16F7-4668-BE54-9A1E7A4F7556}") = "Students", "Students\Students.csproj", "{91BF666A-C19D-4CE1-B811-7B15CFE788A3}"
EndProject
Project("{9A19103F-16F7-4668-BE54-9A1E7A4F7556}") = "LocalAuthority", "LocalAuthority\LocalAuthority.csproj", "{DA8F6180-2815-4BE3-83B9-19E1083FC7C7}"
EndProject
Global
	GlobalSection(SolutionConfigurationPlatforms) = preSolution
		Debug|Any CPU = Debug|Any CPU
		Release|Any CPU = Release|Any CPU
	EndGlobalSection
	GlobalSection(ProjectConfigurationPlatforms) = postSolution
		{F969D8F3-EA59-4309-97F5-B5E6C60CC6F2}.Debug|Any CPU.ActiveCfg = Debug|Any CPU
		{F969D8F3-EA59-4309-97F5-B5E6C60CC6F2}.Debug|Any CPU.Build.0 = Debug|Any CPU
		{F969D8F3-EA59-4309-97F5-B5E6C60CC6F2}.Release|Any CPU.ActiveCfg = Release|Any CPU
		{F969D8F3-EA59-4309-97F5-B5E6C60CC6F2}.Release|Any CPU.Build.0 = Release|Any CPU
		{91BF666A-C19D-4CE1-B811-7B15CFE788A3}.Debug|Any CPU.ActiveCfg = Debug|Any CPU
		{91BF666A-C19D-4CE1-B811-7B15CFE788A3}.Debug|Any CPU.Build.0 = Debug|Any CPU
		{91BF666A-C19D-4CE1-B811-7B15CFE788A3}.Release|Any CPU.ActiveCfg = Release|Any CPU
		{91BF666A-C19D-4CE1-B811-7B15CFE788A3}.Release|Any CPU.Build.0 = Release|Any CPU
		{DA8F6180-2815-4BE3-83B9-19E1083FC7C7}.Debug|Any CPU.ActiveCfg = Debug|Any CPU
		{DA8F6180-2815-4BE3-83B9-19E1083FC7C7}.Debug|Any CPU.Build.0 = Debug|Any CPU
		{DA8F6180-2815-4BE3-83B9-19E1083FC7C7}.Release|Any CPU.ActiveCfg = Release|Any CPU
		{DA8F6180-2815-4BE3-83B9-19E1083FC7C7}.Release|Any CPU.Build.0 = Release|Any CPU
	EndGlobalSection
	GlobalSection(SolutionProperties) = preSolution
		HideSolutionNode = FALSE
	EndGlobalSection
	GlobalSection(ExtensibilityGlobals) = postSolution
		SolutionGuid = {117E297C-4D0D-4A45-85DD-664BCC4A684F}
	EndGlobalSection
EndGlobal
